
Microsoft Visual Studio Solution File, Format Version 12.00
# Visual Studio Version 16
VisualStudioVersion = 16.0.30225.117
MinimumVisualStudioVersion = 10.0.40219.1
Project("{FAE04EC0-301F-11D3-BF4B-00C04F79EFBC}") = "SystemOfLinearEquations", "SystemOfLinearEquations.csproj", "{4C4C9370-5F5E-45F2-B3BB-5870471DFE11}"
EndProject
Global
	GlobalSection(SolutionConfigurationPlatforms) = preSolution
		Debug|Any CPU = Debug|Any CPU
		Release|Any CPU = Release|Any CPU
	EndGlobalSection
	GlobalSection(ProjectConfigurationPlatforms) = postSolution
		{4C4C9370-5F5E-45F2-B3BB-5870471DFE11}.Debug|Any CPU.ActiveCfg = Debug|Any CPU
		{4C4C9370-5F5E-45F2-B3BB-5870471DFE11}.Debug|Any CPU.Build.0 = Debug|Any CPU
		{4C4C9370-5F5E-45F2-B3BB-5870471DFE11}.Release|Any CPU.ActiveCfg = Release|Any CPU
		{4C4C9370-5F5E-45F2-B3BB-5870471DFE11}.Release|Any CPU.Build.0 = Release|Any CPU
	EndGlobalSection
	GlobalSection(SolutionProperties) = preSolution
		HideSolutionNode = FALSE
	EndGlobalSection
	GlobalSection(ExtensibilityGlobals) = postSolution
		SolutionGuid = {FAF3154B-1AC2-4DBA-8452-ECCA14AC629E}
	EndGlobalSection
EndGlobal
